
Microsoft Visual Studio Solution File, Format Version 12.00
# Visual Studio 15
VisualStudioVersion = 15.0.26730.3
MinimumVisualStudioVersion = 10.0.40219.1
Project("{FAE04EC0-301F-11D3-BF4B-00C04F79EFBC}") = "AbstractFactoryPattern", "AbstractFactory\AbstractFactoryPattern.csproj", "{20C0731B-FF23-49B0-BC49-BA0ADB2C2311}"
EndProject
Project("{FAE04EC0-301F-11D3-BF4B-00C04F79EFBC}") = "BuilderPattern", "Builder\BuilderPattern.csproj", "{94B6B54E-0553-4819-A963-969F8429137C}"
EndProject
Project("{FAE04EC0-301F-11D3-BF4B-00C04F79EFBC}") = "FactoryMethodPattern", "FactoryMethodPattern\FactoryMethodPattern.csproj", "{00B01FE3-AFC0-4AF6-A0F9-C3688DF3C16B}"
EndProject
Project("{FAE04EC0-301F-11D3-BF4B-00C04F79EFBC}") = "PrototypePattern", "PrototypePattern\PrototypePattern.csproj", "{6A7334D4-6080-4630-BAC6-A042260C6A01}"
EndProject
Project("{FAE04EC0-301F-11D3-BF4B-00C04F79EFBC}") = "SingletonePattern", "SingletonePattern\SingletonePattern.csproj", "{DA1C7DA2-45B3-4B15-AF5A-672EA73E3D9B}"
EndProject
Project("{FAE04EC0-301F-11D3-BF4B-00C04F79EFBC}") = "AdapterClassPattern", "AdapterClassPattern\AdapterClassPattern.csproj", "{EB0A3E9A-CDF9-4FBC-A1AA-6ADBED7C2E2D}"
EndProject
Project("{FAE04EC0-301F-11D3-BF4B-00C04F79EFBC}") = "AdapterObjectPattern", "AdapterObjectPattern\AdapterObjectPattern.csproj", "{70027AB9-9A4A-43C0-AC20-74F9F8014B02}"
EndProject
Project("{FAE04EC0-301F-11D3-BF4B-00C04F79EFBC}") = "BridgePattern", "BridgePattern\BridgePattern.csproj", "{3ED4EDAD-FAF5-4775-BEB5-644303CB00D8}"
EndProject
Global
	GlobalSection(SolutionConfigurationPlatforms) = preSolution
		Debug|Any CPU = Debug|Any CPU
		Release|Any CPU = Release|Any CPU
	EndGlobalSection
	GlobalSection(ProjectConfigurationPlatforms) = postSolution
		{20C0731B-FF23-49B0-BC49-BA0ADB2C2311}.Debug|Any CPU.ActiveCfg = Debug|Any CPU
		{20C0731B-FF23-49B0-BC49-BA0ADB2C2311}.Debug|Any CPU.Build.0 = Debug|Any CPU
		{20C0731B-FF23-49B0-BC49-BA0ADB2C2311}.Release|Any CPU.ActiveCfg = Release|Any CPU
		{20C0731B-FF23-49B0-BC49-BA0ADB2C2311}.Release|Any CPU.Build.0 = Release|Any CPU
		{94B6B54E-0553-4819-A963-969F8429137C}.Debug|Any CPU.ActiveCfg = Debug|Any CPU
		{94B6B54E-0553-4819-A963-969F8429137C}.Debug|Any CPU.Build.0 = Debug|Any CPU
		{94B6B54E-0553-4819-A963-969F8429137C}.Release|Any CPU.ActiveCfg = Release|Any CPU
		{94B6B54E-0553-4819-A963-969F8429137C}.Release|Any CPU.Build.0 = Release|Any CPU
		{00B01FE3-AFC0-4AF6-A0F9-C3688DF3C16B}.Debug|Any CPU.ActiveCfg = Debug|Any CPU
		{00B01FE3-AFC0-4AF6-A0F9-C3688DF3C16B}.Debug|Any CPU.Build.0 = Debug|Any CPU
		{00B01FE3-AFC0-4AF6-A0F9-C3688DF3C16B}.Release|Any CPU.ActiveCfg = Release|Any CPU
		{00B01FE3-AFC0-4AF6-A0F9-C3688DF3C16B}.Release|Any CPU.Build.0 = Release|Any CPU
		{6A7334D4-6080-4630-BAC6-A042260C6A01}.Debug|Any CPU.ActiveCfg = Debug|Any CPU
		{6A7334D4-6080-4630-BAC6-A042260C6A01}.Debug|Any CPU.Build.0 = Debug|Any CPU
		{6A7334D4-6080-4630-BAC6-A042260C6A01}.Release|Any CPU.ActiveCfg = Release|Any CPU
		{6A7334D4-6080-4630-BAC6-A042260C6A01}.Release|Any CPU.Build.0 = Release|Any CPU
		{DA1C7DA2-45B3-4B15-AF5A-672EA73E3D9B}.Debug|Any CPU.ActiveCfg = Debug|Any CPU
		{DA1C7DA2-45B3-4B15-AF5A-672EA73E3D9B}.Debug|Any CPU.Build.0 = Debug|Any CPU
		{DA1C7DA2-45B3-4B15-AF5A-672EA73E3D9B}.Release|Any CPU.ActiveCfg = Release|Any CPU
		{DA1C7DA2-45B3-4B15-AF5A-672EA73E3D9B}.Release|Any CPU.Build.0 = Release|Any CPU
		{EB0A3E9A-CDF9-4FBC-A1AA-6ADBED7C2E2D}.Debug|Any CPU.ActiveCfg = Debug|Any CPU
		{EB0A3E9A-CDF9-4FBC-A1AA-6ADBED7C2E2D}.Debug|Any CPU.Build.0 = Debug|Any CPU
		{EB0A3E9A-CDF9-4FBC-A1AA-6ADBED7C2E2D}.Release|Any CPU.ActiveCfg = Release|Any CPU
		{EB0A3E9A-CDF9-4FBC-A1AA-6ADBED7C2E2D}.Release|Any CPU.Build.0 = Release|Any CPU
		{70027AB9-9A4A-43C0-AC20-74F9F8014B02}.Debug|Any CPU.ActiveCfg = Debug|Any CPU
		{70027AB9-9A4A-43C0-AC20-74F9F8014B02}.Debug|Any CPU.Build.0 = Debug|Any CPU
		{70027AB9-9A4A-43C0-AC20-74F9F8014B02}.Release|Any CPU.ActiveCfg = Release|Any CPU
		{70027AB9-9A4A-43C0-AC20-74F9F8014B02}.Release|Any CPU.Build.0 = Release|Any CPU
		{3ED4EDAD-FAF5-4775-BEB5-644303CB00D8}.Debug|Any CPU.ActiveCfg = Debug|Any CPU
		{3ED4EDAD-FAF5-4775-BEB5-644303CB00D8}.Debug|Any CPU.Build.0 = Debug|Any CPU
		{3ED4EDAD-FAF5-4775-BEB5-644303CB00D8}.Release|Any CPU.ActiveCfg = Release|Any CPU
		{3ED4EDAD-FAF5-4775-BEB5-644303CB00D8}.Release|Any CPU.Build.0 = Release|Any CPU
	EndGlobalSection
	GlobalSection(SolutionProperties) = preSolution
		HideSolutionNode = FALSE
	EndGlobalSection
	GlobalSection(ExtensibilityGlobals) = postSolution
		SolutionGuid = {289B6E13-5884-4D4E-BCB2-C8C475556BAB}
	EndGlobalSection
EndGlobal
